// !$*UTF8*$!
{
	archiveVersion = 1;
	classes = {
	};
	objectVersion = 50;
	objects = {

/* Begin PBXBuildFile section */
		717045F3B9B1D2F099081B89 /* Pods_VkAPI.framework in Frameworks */ = {isa = PBXBuildFile; fileRef = 24CAD7BD14862E85B555DD54 /* Pods_VkAPI.framework */; };
		D5B556A82570069800AA9F46 /* AppDelegate.swift in Sources */ = {isa = PBXBuildFile; fileRef = D5B556A72570069800AA9F46 /* AppDelegate.swift */; };
		D5B556AA2570069800AA9F46 /* SceneDelegate.swift in Sources */ = {isa = PBXBuildFile; fileRef = D5B556A92570069800AA9F46 /* SceneDelegate.swift */; };
		D5B556AC2570069800AA9F46 /* ViewController.swift in Sources */ = {isa = PBXBuildFile; fileRef = D5B556AB2570069800AA9F46 /* ViewController.swift */; };
		D5B556AF2570069800AA9F46 /* Main.storyboard in Resources */ = {isa = PBXBuildFile; fileRef = D5B556AD2570069800AA9F46 /* Main.storyboard */; };
		D5B556B12570069A00AA9F46 /* Assets.xcassets in Resources */ = {isa = PBXBuildFile; fileRef = D5B556B02570069A00AA9F46 /* Assets.xcassets */; };
		D5B556B42570069A00AA9F46 /* LaunchScreen.storyboard in Resources */ = {isa = PBXBuildFile; fileRef = D5B556B22570069A00AA9F46 /* LaunchScreen.storyboard */; };
/* End PBXBuildFile section */

/* Begin PBXFileReference section */
		24CAD7BD14862E85B555DD54 /* Pods_VkAPI.framework */ = {isa = PBXFileReference; explicitFileType = wrapper.framework; includeInIndex = 0; path = Pods_VkAPI.framework; sourceTree = BUILT_PRODUCTS_DIR; };
		999E9A81B883CBDD3A52694D /* Pods-VkAPI.debug.xcconfig */ = {isa = PBXFileReference; includeInIndex = 1; lastKnownFileType = text.xcconfig; name = "Pods-VkAPI.debug.xcconfig"; path = "Target Support Files/Pods-VkAPI/Pods-VkAPI.debug.xcconfig"; sourceTree = "<group>"; };
		D5B556A42570069800AA9F46 /* VkAPI.app */ = {isa = PBXFileReference; explicitFileType = wrapper.application; includeInIndex = 0; path = VkAPI.app; sourceTree = BUILT_PRODUCTS_DIR; };
		D5B556A72570069800AA9F46 /* AppDelegate.swift */ = {isa = PBXFileReference; lastKnownFileType = sourcecode.swift; path = AppDelegate.swift; sourceTree = "<group>"; };
		D5B556A92570069800AA9F46 /* SceneDelegate.swift */ = {isa = PBXFileReference; lastKnownFileType = sourcecode.swift; path = SceneDelegate.swift; sourceTree = "<group>"; };
		D5B556AB2570069800AA9F46 /* ViewController.swift */ = {isa = PBXFileReference; lastKnownFileType = sourcecode.swift; path = ViewController.swift; sourceTree = "<group>"; };
		D5B556AE2570069800AA9F46 /* Base */ = {isa = PBXFileReference; lastKnownFileType = file.storyboard; name = Base; path = Base.lproj/Main.storyboard; sourceTree = "<group>"; };
		D5B556B02570069A00AA9F46 /* Assets.xcassets */ = {isa = PBXFileReference; lastKnownFileType = folder.assetcatalog; path = Assets.xcassets; sourceTree = "<group>"; };
		D5B556B32570069A00AA9F46 /* Base */ = {isa = PBXFileReference; lastKnownFileType = file.storyboard; name = Base; path = Base.lproj/LaunchScreen.storyboard; sourceTree = "<group>"; };
		D5B556B52570069A00AA9F46 /* Info.plist */ = {isa = PBXFileReference; lastKnownFileType = text.plist.xml; path = Info.plist; sourceTree = "<group>"; };
		EB42F3722ACBCBDCA26E25E3 /* Pods-VkAPI.release.xcconfig */ = {isa = PBXFileReference; includeInIndex = 1; lastKnownFileType = text.xcconfig; name = "Pods-VkAPI.release.xcconfig"; path = "Target Support Files/Pods-VkAPI/Pods-VkAPI.release.xcconfig"; sourceTree = "<group>"; };
/* End PBXFileReference section */

/* Begin PBXFrameworksBuildPhase section */
		D5B556A12570069800AA9F46 /* Frameworks */ = {
			isa = PBXFrameworksBuildPhase;
			buildActionMask = 2147483647;
			files = (
				717045F3B9B1D2F099081B89 /* Pods_VkAPI.framework in Frameworks */,
			);
			runOnlyForDeploymentPostprocessing = 0;
		};
/* End PBXFrameworksBuildPhase section */

/* Begin PBXGroup section */
		A5FBA4EBE92AE1B42FF09A4F /* Frameworks */ = {
			isa = PBXGroup;
			children = (
				24CAD7BD14862E85B555DD54 /* Pods_VkAPI.framework */,
			);
			name = Frameworks;
			sourceTree = "<group>";
		};
		BC777677F512EB88F9D423BD /* Pods */ = {
			isa = PBXGroup;
			children = (
				999E9A81B883CBDD3A52694D /* Pods-VkAPI.debug.xcconfig */,
				EB42F3722ACBCBDCA26E25E3 /* Pods-VkAPI.release.xcconfig */,
			);
			name = Pods;
			path = Pods;
			sourceTree = "<group>";
		};
		D5B5569B2570069800AA9F46 = {
			isa = PBXGroup;
			children = (
				D5B556A62570069800AA9F46 /* VkAPI */,
				D5B556A52570069800AA9F46 /* Products */,
				BC777677F512EB88F9D423BD /* Pods */,
				A5FBA4EBE92AE1B42FF09A4F /* Frameworks */,
			);
			sourceTree = "<group>";
		};
		D5B556A52570069800AA9F46 /* Products */ = {
			isa = PBXGroup;
			children = (
				D5B556A42570069800AA9F46 /* VkAPI.app */,
			);
			name = Products;
			sourceTree = "<group>";
		};
		D5B556A62570069800AA9F46 /* VkAPI */ = {
			isa = PBXGroup;
			children = (
				D5B556A72570069800AA9F46 /* AppDelegate.swift */,
				D5B556A92570069800AA9F46 /* SceneDelegate.swift */,
				D5B556AB2570069800AA9F46 /* ViewController.swift */,
				D5B556AD2570069800AA9F46 /* Main.storyboard */,
				D5B556B02570069A00AA9F46 /* Assets.xcassets */,
				D5B556B22570069A00AA9F46 /* LaunchScreen.storyboard */,
				D5B556B52570069A00AA9F46 /* Info.plist */,
			);
			path = VkAPI;
			sourceTree = "<group>";
		};
/* End PBXGroup section */

/* Begin PBXNativeTarget section */
		D5B556A32570069800AA9F46 /* VkAPI */ = {
			isa = PBXNativeTarget;
			buildConfigurationList = D5B556B82570069A00AA9F46 /* Build configuration list for PBXNativeTarget "VkAPI" */;
			buildPhases = (
				5B712507B4A713DF5747C328 /* [CP] Check Pods Manifest.lock */,
				D5B556A02570069800AA9F46 /* Sources */,
				D5B556A12570069800AA9F46 /* Frameworks */,
				D5B556A22570069800AA9F46 /* Resources */,
				31127BC2BD850A34F4911FC1 /* [CP] Embed Pods Frameworks */,
			);
			buildRules = (
			);
			dependencies = (
			);
			name = VkAPI;
			productName = VkAPI;
			productReference = D5B556A42570069800AA9F46 /* VkAPI.app */;
			productType = "com.apple.product-type.application";
		};
/* End PBXNativeTarget section */

/* Begin PBXProject section */
		D5B5569C2570069800AA9F46 /* Project object */ = {
			isa = PBXProject;
			attributes = {
				LastSwiftUpdateCheck = 1200;
				LastUpgradeCheck = 1200;
				TargetAttributes = {
					D5B556A32570069800AA9F46 = {
						CreatedOnToolsVersion = 12.0;
					};
				};
			};
			buildConfigurationList = D5B5569F2570069800AA9F46 /* Build configuration list for PBXProject "VkAPI" */;
			compatibilityVersion = "Xcode 9.3";
			developmentRegion = en;
			hasScannedForEncodings = 0;
			knownRegions = (
				en,
				Base,
			);
			mainGroup = D5B5569B2570069800AA9F46;
			productRefGroup = D5B556A52570069800AA9F46 /* Products */;
			projectDirPath = "";
			projectRoot = "";
			targets = (
				D5B556A32570069800AA9F46 /* VkAPI */,
			);
		};
/* End PBXProject section */

/* Begin PBXResourcesBuildPhase section */
		D5B556A22570069800AA9F46 /* Resources */ = {
			isa = PBXResourcesBuildPhase;
			buildActionMask = 2147483647;
			files = (
				D5B556B42570069A00AA9F46 /* LaunchScreen.storyboard in Resources */,
				D5B556B12570069A00AA9F46 /* Assets.xcassets in Resources */,
				D5B556AF2570069800AA9F46 /* Main.storyboard in Resources */,
			);
			runOnlyForDeploymentPostprocessing = 0;
		};
/* End PBXResourcesBuildPhase section */

/* Begin PBXShellScriptBuildPhase section */
		31127BC2BD850A34F4911FC1 /* [CP] Embed Pods Frameworks */ = {
			isa = PBXShellScriptBuildPhase;
			buildActionMask = 2147483647;
			files = (
			);
			inputFileListPaths = (
				"${PODS_ROOT}/Target Support Files/Pods-VkAPI/Pods-VkAPI-frameworks-${CONFIGURATION}-input-files.xcfilelist",
			);
			name = "[CP] Embed Pods Frameworks";
			outputFileListPaths = (
				"${PODS_ROOT}/Target Support Files/Pods-VkAPI/Pods-VkAPI-frameworks-${CONFIGURATION}-output-files.xcfilelist",
			);
			runOnlyForDeploymentPostprocessing = 0;
			shellPath = /bin/sh;
			shellScript = "\"${PODS_ROOT}/Target Support Files/Pods-VkAPI/Pods-VkAPI-frameworks.sh\"\n";
			showEnvVarsInLog = 0;
		};
		5B712507B4A713DF5747C328 /* [CP] Check Pods Manifest.lock */ = {
			isa = PBXShellScriptBuildPhase;
			buildActionMask = 2147483647;
			files = (
			);
			inputFileListPaths = (
			);
			inputPaths = (
				"${PODS_PODFILE_DIR_PATH}/Podfile.lock",
				"${PODS_ROOT}/Manifest.lock",
			);
			name = "[CP] Check Pods Manifest.lock";
			outputFileListPaths = (
			);
			outputPaths = (
				"$(DERIVED_FILE_DIR)/Pods-VkAPI-checkManifestLockResult.txt",
			);
			runOnlyForDeploymentPostprocessing = 0;
			shellPath = /bin/sh;
			shellScript = "diff \"${PODS_PODFILE_DIR_PATH}/Podfile.lock\" \"${PODS_ROOT}/Manifest.lock\" > /dev/null\nif [ $? != 0 ] ; then\n    # print error to STDERR\n    echo \"error: The sandbox is not in sync with the Podfile.lock. Run 'pod install' or update your CocoaPods installation.\" >&2\n    exit 1\nfi\n# This output is used by Xcode 'outputs' to avoid re-running this script phase.\necho \"SUCCESS\" > \"${SCRIPT_OUTPUT_FILE_0}\"\n";
			showEnvVarsInLog = 0;
		};
/* End PBXShellScriptBuildPhase section */

/* Begin PBXSourcesBuildPhase section */
		D5B556A02570069800AA9F46 /* Sources */ = {
			isa = PBXSourcesBuildPhase;
			buildActionMask = 2147483647;
			files = (
				D5B556AC2570069800AA9F46 /* ViewController.swift in Sources */,
				D5B556A82570069800AA9F46 /* AppDelegate.swift in Sources */,
				D5B556AA2570069800AA9F46 /* SceneDelegate.swift in Sources */,
			);
			runOnlyForDeploymentPostprocessing = 0;
		};
/* End PBXSourcesBuildPhase section */

/* Begin PBXVariantGroup section */
		D5B556AD2570069800AA9F46 /* Main.storyboard */ = {
			isa = PBXVariantGroup;
			children = (
				D5B556AE2570069800AA9F46 /* Base */,
			);
			name = Main.storyboard;
			sourceTree = "<group>";
		};
		D5B556B22570069A00AA9F46 /* LaunchScreen.storyboard */ = {
			isa = PBXVariantGroup;
			children = (
				D5B556B32570069A00AA9F46 /* Base */,
			);
			name = LaunchScreen.storyboard;
			sourceTree = "<group>";
		};
/* End PBXVariantGroup section */

/* Begin XCBuildConfiguration section */
		D5B556B62570069A00AA9F46 /* Debug */ = {
			isa = XCBuildConfiguration;
			buildSettings = {
				ALWAYS_SEARCH_USER_PATHS = NO;
				CLANG_ANALYZER_NONNULL = YES;
				CLANG_ANALYZER_NUMBER_OBJECT_CONVERSION = YES_AGGRESSIVE;
				CLANG_CXX_LANGUAGE_STANDARD = "gnu++14";
				CLANG_CXX_LIBRARY = "libc++";
				CLANG_ENABLE_MODULES = YES;
				CLANG_ENABLE_OBJC_ARC = YES;
				CLANG_ENABLE_OBJC_WEAK = YES;
				CLANG_WARN_BLOCK_CAPTURE_AUTORELEASING = YES;
				CLANG_WARN_BOOL_CONVERSION = YES;
				CLANG_WARN_COMMA = YES;
				CLANG_WARN_CONSTANT_CONVERSION = YES;
				CLANG_WARN_DEPRECATED_OBJC_IMPLEMENTATIONS = YES;
				CLANG_WARN_DIRECT_OBJC_ISA_USAGE = YES_ERROR;
				CLANG_WARN_DOCUMENTATION_COMMENTS = YES;
				CLANG_WARN_EMPTY_BODY = YES;
				CLANG_WARN_ENUM_CONVERSION = YES;
				CLANG_WARN_INFINITE_RECURSION = YES;
				CLANG_WARN_INT_CONVERSION = YES;
				CLANG_WARN_NON_LITERAL_NULL_CONVERSION = YES;
				CLANG_WARN_OBJC_IMPLICIT_RETAIN_SELF = YES;
				CLANG_WARN_OBJC_LITERAL_CONVERSION = YES;
				CLANG_WARN_OBJC_ROOT_CLASS = YES_ERROR;
				CLANG_WARN_QUOTED_INCLUDE_IN_FRAMEWORK_HEADER = YES;
				CLANG_WARN_RANGE_LOOP_ANALYSIS = YES;
				CLANG_WARN_STRICT_PROTOTYPES = YES;
				CLANG_WARN_SUSPICIOUS_MOVE = YES;
				CLANG_WARN_UNGUARDED_AVAILABILITY = YES_AGGRESSIVE;
				CLANG_WARN_UNREACHABLE_CODE = YES;
				CLANG_WARN__DUPLICATE_METHOD_MATCH = YES;
				COPY_PHASE_STRIP = NO;
				DEBUG_INFORMATION_FORMAT = dwarf;
				ENABLE_STRICT_OBJC_MSGSEND = YES;
				ENABLE_TESTABILITY = YES;
				GCC_C_LANGUAGE_STANDARD = gnu11;
				GCC_DYNAMIC_NO_PIC = NO;
				GCC_NO_COMMON_BLOCKS = YES;
				GCC_OPTIMIZATION_LEVEL = 0;
				GCC_PREPROCESSOR_DEFINITIONS = (
					"DEBUG=1",
					"$(inherited)",
				);
				GCC_WARN_64_TO_32_BIT_CONVERSION = YES;
				GCC_WARN_ABOUT_RETURN_TYPE = YES_ERROR;
				GCC_WARN_UNDECLARED_SELECTOR = YES;
				GCC_WARN_UNINITIALIZED_AUTOS = YES_AGGRESSIVE;
				GCC_WARN_UNUSED_FUNCTION = YES;
				GCC_WARN_UNUSED_VARIABLE = YES;
				IPHONEOS_DEPLOYMENT_TARGET = 14.0;
				MTL_ENABLE_DEBUG_INFO = INCLUDE_SOURCE;
				MTL_FAST_MATH = YES;
				ONLY_ACTIVE_ARCH = YES;
				SDKROOT = iphoneos;
				SWIFT_ACTIVE_COMPILATION_CONDITIONS = DEBUG;
				SWIFT_OPTIMIZATION_LEVEL = "-Onone";
			};
			name = Debug;
		};
		D5B556B72570069A00AA9F46 /* Release */ = {
			isa = XCBuildConfiguration;
			buildSettings = {
				ALWAYS_SEARCH_USER_PATHS = NO;
				CLANG_ANALYZER_NONNULL = YES;
				CLANG_ANALYZER_NUMBER_OBJECT_CONVERSION = YES_AGGRESSIVE;
				CLANG_CXX_LANGUAGE_STANDARD = "gnu++14";
				CLANG_CXX_LIBRARY = "libc++";
				CLANG_ENABLE_MODULES = YES;
				CLANG_ENABLE_OBJC_ARC = YES;
				CLANG_ENABLE_OBJC_WEAK = YES;
				CLANG_WARN_BLOCK_CAPTURE_AUTORELEASING = YES;
				CLANG_WARN_BOOL_CONVERSION = YES;
				CLANG_WARN_COMMA = YES;
				CLANG_WARN_CONSTANT_CONVERSION = YES;
				CLANG_WARN_DEPRECATED_OBJC_IMPLEMENTATIONS = YES;
				CLANG_WARN_DIRECT_OBJC_ISA_USAGE = YES_ERROR;
				CLANG_WARN_DOCUMENTATION_COMMENTS = YES;
				CLANG_WARN_EMPTY_BODY = YES;
				CLANG_WARN_ENUM_CONVERSION = YES;
				CLANG_WARN_INFINITE_RECURSION = YES;
				CLANG_WARN_INT_CONVERSION = YES;
				CLANG_WARN_NON_LITERAL_NULL_CONVERSION = YES;
				CLANG_WARN_OBJC_IMPLICIT_RETAIN_SELF = YES;
				CLANG_WARN_OBJC_LITERAL_CONVERSION = YES;
				CLANG_WARN_OBJC_ROOT_CLASS = YES_ERROR;
				CLANG_WARN_QUOTED_INCLUDE_IN_FRAMEWORK_HEADER = YES;
				CLANG_WARN_RANGE_LOOP_ANALYSIS = YES;
				CLANG_WARN_STRICT_PROTOTYPES = YES;
				CLANG_WARN_SUSPICIOUS_MOVE = YES;
				CLANG_WARN_UNGUARDED_AVAILABILITY = YES_AGGRESSIVE;
				CLANG_WARN_UNREACHABLE_CODE = YES;
				CLANG_WARN__DUPLICATE_METHOD_MATCH = YES;
				COPY_PHASE_STRIP = NO;
				DEBUG_INFORMATION_FORMAT = "dwarf-with-dsym";
				ENABLE_NS_ASSERTIONS = NO;
				ENABLE_STRICT_OBJC_MSGSEND = YES;
				GCC_C_LANGUAGE_STANDARD = gnu11;
				GCC_NO_COMMON_BLOCKS = YES;
				GCC_WARN_64_TO_32_BIT_CONVERSION = YES;
				GCC_WARN_ABOUT_RETURN_TYPE = YES_ERROR;
				GCC_WARN_UNDECLARED_SELECTOR = YES;
				GCC_WARN_UNINITIALIZED_AUTOS = YES_AGGRESSIVE;
				GCC_WARN_UNUSED_FUNCTION = YES;
				GCC_WARN_UNUSED_VARIABLE = YES;
				IPHONEOS_DEPLOYMENT_TARGET = 14.0;
				MTL_ENABLE_DEBUG_INFO = NO;
				MTL_FAST_MATH = YES;
				SDKROOT = iphoneos;
				SWIFT_COMPILATION_MODE = wholemodule;
				SWIFT_OPTIMIZATION_LEVEL = "-O";
				VALIDATE_PRODUCT = YES;
			};
			name = Release;
		};
		D5B556B92570069A00AA9F46 /* Debug */ = {
			isa = XCBuildConfiguration;
			baseConfigurationReference = 999E9A81B883CBDD3A52694D /* Pods-VkAPI.debug.xcconfig */;
			buildSettings = {
				ASSETCATALOG_COMPILER_APPICON_NAME = AppIcon;
				ASSETCATALOG_COMPILER_GLOBAL_ACCENT_COLOR_NAME = AccentColor;
				CODE_SIGN_STYLE = Automatic;
				DEVELOPMENT_TEAM = 4P2H6D9L7L;
				INFOPLIST_FILE = VkAPI/Info.plist;
				LD_RUNPATH_SEARCH_PATHS = (
					"$(inherited)",
					"@executable_path/Frameworks",
				);
				PRODUCT_BUNDLE_IDENTIFIER = com.Ilstud.VkAPI;
				PRODUCT_NAME = "$(TARGET_NAME)";
				SWIFT_VERSION = 5.0;
				TARGETED_DEVICE_FAMILY = "1,2";
			};
			name = Debug;
		};
		D5B556BA2570069A00AA9F46 /* Release */ = {
			isa = XCBuildConfiguration;
			baseConfigurationReference = EB42F3722ACBCBDCA26E25E3 /* Pods-VkAPI.release.xcconfig */;
			buildSettings = {
				ASSETCATALOG_COMPILER_APPICON_NAME = AppIcon;
				ASSETCATALOG_COMPILER_GLOBAL_ACCENT_COLOR_NAME = AccentColor;
				CODE_SIGN_STYLE = Automatic;
				DEVELOPMENT_TEAM = 4P2H6D9L7L;
				INFOPLIST_FILE = VkAPI/Info.plist;
				LD_RUNPATH_SEARCH_PATHS = (
					"$(inherited)",
					"@executable_path/Frameworks",
				);
				PRODUCT_BUNDLE_IDENTIFIER = com.Ilstud.VkAPI;
				PRODUCT_NAME = "$(TARGET_NAME)";
				SWIFT_VERSION = 5.0;
				TARGETED_DEVICE_FAMILY = "1,2";
			};
			name = Release;
		};
/* End XCBuildConfiguration section */

/* Begin XCConfigurationList section */
		D5B5569F2570069800AA9F46 /* Build configuration list for PBXProject "VkAPI" */ = {
			isa = XCConfigurationList;
			buildConfigurations = (
				D5B556B62570069A00AA9F46 /* Debug */,
				D5B556B72570069A00AA9F46 /* Release */,
			);
			defaultConfigurationIsVisible = 0;
			defaultConfigurationName = Release;
		};
		D5B556B82570069A00AA9F46 /* Build configuration list for PBXNativeTarget "VkAPI" */ = {
			isa = XCConfigurationList;
			buildConfigurations = (
				D5B556B92570069A00AA9F46 /* Debug */,
				D5B556BA2570069A00AA9F46 /* Release */,
			);
			defaultConfigurationIsVisible = 0;
			defaultConfigurationName = Release;
		};
/* End XCConfigurationList section */
	};
	rootObject = D5B5569C2570069800AA9F46 /* Project object */;
}
